
Microsoft Visual Studio Solution File, Format Version 12.00
# Visual Studio 15
VisualStudioVersion = 15.0.26730.12
MinimumVisualStudioVersion = 10.0.40219.1
Project("{FAE04EC0-301F-11D3-BF4B-00C04F79EFBC}") = "LabNumber23", "LabNumber23\LabNumber23.csproj", "{A45CC0FB-858D-4558-86C6-221334EF1637}"
EndProject
Global
	GlobalSection(SolutionConfigurationPlatforms) = preSolution
		Debug|Any CPU = Debug|Any CPU
		Release|Any CPU = Release|Any CPU
	EndGlobalSection
	GlobalSection(ProjectConfigurationPlatforms) = postSolution
		{A45CC0FB-858D-4558-86C6-221334EF1637}.Debug|Any CPU.ActiveCfg = Debug|Any CPU
		{A45CC0FB-858D-4558-86C6-221334EF1637}.Debug|Any CPU.Build.0 = Debug|Any CPU
		{A45CC0FB-858D-4558-86C6-221334EF1637}.Release|Any CPU.ActiveCfg = Release|Any CPU
		{A45CC0FB-858D-4558-86C6-221334EF1637}.Release|Any CPU.Build.0 = Release|Any CPU
	EndGlobalSection
	GlobalSection(SolutionProperties) = preSolution
		HideSolutionNode = FALSE
	EndGlobalSection
	GlobalSection(ExtensibilityGlobals) = postSolution
		SolutionGuid = {830B3147-3FAB-457A-A925-2106AE3EB570}
	EndGlobalSection
EndGlobal
